
Microsoft Visual Studio Solution File, Format Version 12.00
# Visual Studio 15
VisualStudioVersion = 15.0.26430.4
MinimumVisualStudioVersion = 10.0.40219.1
Project("{2150E333-8FDC-42A3-9474-1A3956D46DE8}") = "Aula01", "Aula01", "{3CE2B886-300C-49B3-ADBA-6F34B629A9D3}"
EndProject
Project("{FAE04EC0-301F-11D3-BF4B-00C04F79EFBC}") = "A12List", "A12Listas\A12List.csproj", "{FA64B8E7-5A68-4743-93C3-D53D9EC0EAE3}"
EndProject
Project("{FAE04EC0-301F-11D3-BF4B-00C04F79EFBC}") = "A21ListasDeObjetos", "A13ListasDeObjetos\A21ListasDeObjetos.csproj", "{68DC23B4-3CB7-443A-9C18-D3F70F43BE6B}"
EndProject
Project("{2150E333-8FDC-42A3-9474-1A3956D46DE8}") = "Aula02", "Aula02", "{AB014ADA-68B2-4141-BE26-949456570032}"
EndProject
Project("{2150E333-8FDC-42A3-9474-1A3956D46DE8}") = "Aula03", "Aula03", "{B49F3755-5634-4302-83E5-8C993869E265}"
EndProject
Project("{FAE04EC0-301F-11D3-BF4B-00C04F79EFBC}") = "A31Relacionamentos", "A31Relacionamentos\A31Relacionamentos.csproj", "{AFC541C6-2DEF-4AB6-8B9C-D0C292AE4BE8}"
EndProject
Project("{2150E333-8FDC-42A3-9474-1A3956D46DE8}") = "Aula04", "Aula04", "{B6835859-4E30-4C2B-9590-4B36EDFF9081}"
EndProject
Project("{FAE04EC0-301F-11D3-BF4B-00C04F79EFBC}") = "A41MaisRelacionamento", "A41MaisRelacionamento\A41MaisRelacionamento.csproj", "{11DFC576-1220-490A-9297-C2DC90F90AA0}"
EndProject
Project("{2150E333-8FDC-42A3-9474-1A3956D46DE8}") = "Aula05", "Aula05", "{6F0C3294-B695-42B7-AF02-5CECD3B0ED0F}"
EndProject
Project("{FAE04EC0-301F-11D3-BF4B-00C04F79EFBC}") = "A51Sets", "A51Sets\A51Sets.csproj", "{C1F7E63F-93DB-405A-8144-DC5C10034266}"
EndProject
Project("{2150E333-8FDC-42A3-9474-1A3956D46DE8}") = "Aula06", "Aula06", "{B28F3DDF-3F9F-473E-BCF9-1D0259083288}"
EndProject
Project("{FAE04EC0-301F-11D3-BF4B-00C04F79EFBC}") = "A61SetNoModelo", "A61SetNoModelo\A61SetNoModelo.csproj", "{29161C1E-67DB-4BA6-9C37-0D79E67B5705}"
EndProject
Project("{2150E333-8FDC-42A3-9474-1A3956D46DE8}") = "Aula07", "Aula07", "{EC69CB75-89AF-4E0C-B9B5-6732CE2DA8C4}"
EndProject
Project("{FAE04EC0-301F-11D3-BF4B-00C04F79EFBC}") = "A71EqualsEHashCode", "A71EqualsEHashCode\A71EqualsEHashCode.csproj", "{9B80E90F-0E57-47CA-8D9D-DC73161AB1C8}"
EndProject
Project("{2150E333-8FDC-42A3-9474-1A3956D46DE8}") = "Aula08", "Aula08", "{C1BB18A4-2D71-4909-B725-2FB2EC4EAEC9}"
EndProject
Project("{FAE04EC0-301F-11D3-BF4B-00C04F79EFBC}") = "A81OutrosSetsEIterators", "A81OutrosSetsEIterators\A81OutrosSetsEIterators.csproj", "{5C838879-B35E-4E33-AA1D-8BF0BA09247A}"
EndProject
Project("{2150E333-8FDC-42A3-9474-1A3956D46DE8}") = "Aula11", "Aula11", "{5BFEA0A2-1869-4B11-9CB1-6A463C4DF90C}"
EndProject
Project("{2150E333-8FDC-42A3-9474-1A3956D46DE8}") = "Aula09", "Aula09", "{1AB2B28D-5CF2-44F5-A676-E701F013D978}"
EndProject
Project("{FAE04EC0-301F-11D3-BF4B-00C04F79EFBC}") = "A11Array", "A11Arrays\A11Array.csproj", "{1548CE8D-DE03-4DEF-98C0-4AEB3F8FAC21}"
EndProject
Project("{FAE04EC0-301F-11D3-BF4B-00C04F79EFBC}") = "A91Dicionario", "A91Dicionario\A91Dicionario.csproj", "{C1DB20F3-B032-4796-B7F0-C2D030C1A4DE}"
EndProject
Project("{2150E333-8FDC-42A3-9474-1A3956D46DE8}") = "Aula10", "Aula10", "{02FA4B42-17A6-4CC9-87F8-E039594D42DE}"
EndProject
Project("{FAE04EC0-301F-11D3-BF4B-00C04F79EFBC}") = "A101LinkedList", "A101LinkedList\A101LinkedList.csproj", "{E770328F-E997-403E-9854-A03B151B2E16}"
EndProject
Project("{FAE04EC0-301F-11D3-BF4B-00C04F79EFBC}") = "A111QualCollectionUsar", "A111QualCollectionUsar\A111QualCollectionUsar.csproj", "{8356E12E-37B3-4D9F-88FD-18D42743C140}"
EndProject
Global
	GlobalSection(SolutionConfigurationPlatforms) = preSolution
		Debug|Any CPU = Debug|Any CPU
		Release|Any CPU = Release|Any CPU
	EndGlobalSection
	GlobalSection(ProjectConfigurationPlatforms) = postSolution
		{FA64B8E7-5A68-4743-93C3-D53D9EC0EAE3}.Debug|Any CPU.ActiveCfg = Debug|Any CPU
		{FA64B8E7-5A68-4743-93C3-D53D9EC0EAE3}.Debug|Any CPU.Build.0 = Debug|Any CPU
		{FA64B8E7-5A68-4743-93C3-D53D9EC0EAE3}.Release|Any CPU.ActiveCfg = Release|Any CPU
		{FA64B8E7-5A68-4743-93C3-D53D9EC0EAE3}.Release|Any CPU.Build.0 = Release|Any CPU
		{68DC23B4-3CB7-443A-9C18-D3F70F43BE6B}.Debug|Any CPU.ActiveCfg = Debug|Any CPU
		{68DC23B4-3CB7-443A-9C18-D3F70F43BE6B}.Debug|Any CPU.Build.0 = Debug|Any CPU
		{68DC23B4-3CB7-443A-9C18-D3F70F43BE6B}.Release|Any CPU.ActiveCfg = Release|Any CPU
		{68DC23B4-3CB7-443A-9C18-D3F70F43BE6B}.Release|Any CPU.Build.0 = Release|Any CPU
		{AFC541C6-2DEF-4AB6-8B9C-D0C292AE4BE8}.Debug|Any CPU.ActiveCfg = Debug|Any CPU
		{AFC541C6-2DEF-4AB6-8B9C-D0C292AE4BE8}.Debug|Any CPU.Build.0 = Debug|Any CPU
		{AFC541C6-2DEF-4AB6-8B9C-D0C292AE4BE8}.Release|Any CPU.ActiveCfg = Release|Any CPU
		{AFC541C6-2DEF-4AB6-8B9C-D0C292AE4BE8}.Release|Any CPU.Build.0 = Release|Any CPU
		{11DFC576-1220-490A-9297-C2DC90F90AA0}.Debug|Any CPU.ActiveCfg = Debug|Any CPU
		{11DFC576-1220-490A-9297-C2DC90F90AA0}.Debug|Any CPU.Build.0 = Debug|Any CPU
		{11DFC576-1220-490A-9297-C2DC90F90AA0}.Release|Any CPU.ActiveCfg = Release|Any CPU
		{11DFC576-1220-490A-9297-C2DC90F90AA0}.Release|Any CPU.Build.0 = Release|Any CPU
		{C1F7E63F-93DB-405A-8144-DC5C10034266}.Debug|Any CPU.ActiveCfg = Debug|Any CPU
		{C1F7E63F-93DB-405A-8144-DC5C10034266}.Debug|Any CPU.Build.0 = Debug|Any CPU
		{C1F7E63F-93DB-405A-8144-DC5C10034266}.Release|Any CPU.ActiveCfg = Release|Any CPU
		{C1F7E63F-93DB-405A-8144-DC5C10034266}.Release|Any CPU.Build.0 = Release|Any CPU
		{29161C1E-67DB-4BA6-9C37-0D79E67B5705}.Debug|Any CPU.ActiveCfg = Debug|Any CPU
		{29161C1E-67DB-4BA6-9C37-0D79E67B5705}.Debug|Any CPU.Build.0 = Debug|Any CPU
		{29161C1E-67DB-4BA6-9C37-0D79E67B5705}.Release|Any CPU.ActiveCfg = Release|Any CPU
		{29161C1E-67DB-4BA6-9C37-0D79E67B5705}.Release|Any CPU.Build.0 = Release|Any CPU
		{9B80E90F-0E57-47CA-8D9D-DC73161AB1C8}.Debug|Any CPU.ActiveCfg = Debug|Any CPU
		{9B80E90F-0E57-47CA-8D9D-DC73161AB1C8}.Debug|Any CPU.Build.0 = Debug|Any CPU
		{9B80E90F-0E57-47CA-8D9D-DC73161AB1C8}.Release|Any CPU.ActiveCfg = Release|Any CPU
		{9B80E90F-0E57-47CA-8D9D-DC73161AB1C8}.Release|Any CPU.Build.0 = Release|Any CPU
		{5C838879-B35E-4E33-AA1D-8BF0BA09247A}.Debug|Any CPU.ActiveCfg = Debug|Any CPU
		{5C838879-B35E-4E33-AA1D-8BF0BA09247A}.Debug|Any CPU.Build.0 = Debug|Any CPU
		{5C838879-B35E-4E33-AA1D-8BF0BA09247A}.Release|Any CPU.ActiveCfg = Release|Any CPU
		{5C838879-B35E-4E33-AA1D-8BF0BA09247A}.Release|Any CPU.Build.0 = Release|Any CPU
		{1548CE8D-DE03-4DEF-98C0-4AEB3F8FAC21}.Debug|Any CPU.ActiveCfg = Debug|Any CPU
		{1548CE8D-DE03-4DEF-98C0-4AEB3F8FAC21}.Debug|Any CPU.Build.0 = Debug|Any CPU
		{1548CE8D-DE03-4DEF-98C0-4AEB3F8FAC21}.Release|Any CPU.ActiveCfg = Release|Any CPU
		{1548CE8D-DE03-4DEF-98C0-4AEB3F8FAC21}.Release|Any CPU.Build.0 = Release|Any CPU
		{C1DB20F3-B032-4796-B7F0-C2D030C1A4DE}.Debug|Any CPU.ActiveCfg = Debug|Any CPU
		{C1DB20F3-B032-4796-B7F0-C2D030C1A4DE}.Debug|Any CPU.Build.0 = Debug|Any CPU
		{C1DB20F3-B032-4796-B7F0-C2D030C1A4DE}.Release|Any CPU.ActiveCfg = Release|Any CPU
		{C1DB20F3-B032-4796-B7F0-C2D030C1A4DE}.Release|Any CPU.Build.0 = Release|Any CPU
		{E770328F-E997-403E-9854-A03B151B2E16}.Debug|Any CPU.ActiveCfg = Debug|Any CPU
		{E770328F-E997-403E-9854-A03B151B2E16}.Debug|Any CPU.Build.0 = Debug|Any CPU
		{E770328F-E997-403E-9854-A03B151B2E16}.Release|Any CPU.ActiveCfg = Release|Any CPU
		{E770328F-E997-403E-9854-A03B151B2E16}.Release|Any CPU.Build.0 = Release|Any CPU
		{8356E12E-37B3-4D9F-88FD-18D42743C140}.Debug|Any CPU.ActiveCfg = Debug|Any CPU
		{8356E12E-37B3-4D9F-88FD-18D42743C140}.Debug|Any CPU.Build.0 = Debug|Any CPU
		{8356E12E-37B3-4D9F-88FD-18D42743C140}.Release|Any CPU.ActiveCfg = Release|Any CPU
		{8356E12E-37B3-4D9F-88FD-18D42743C140}.Release|Any CPU.Build.0 = Release|Any CPU
	EndGlobalSection
	GlobalSection(SolutionProperties) = preSolution
		HideSolutionNode = FALSE
	EndGlobalSection
	GlobalSection(NestedProjects) = preSolution
		{FA64B8E7-5A68-4743-93C3-D53D9EC0EAE3} = {3CE2B886-300C-49B3-ADBA-6F34B629A9D3}
		{68DC23B4-3CB7-443A-9C18-D3F70F43BE6B} = {AB014ADA-68B2-4141-BE26-949456570032}
		{AFC541C6-2DEF-4AB6-8B9C-D0C292AE4BE8} = {B49F3755-5634-4302-83E5-8C993869E265}
		{11DFC576-1220-490A-9297-C2DC90F90AA0} = {B6835859-4E30-4C2B-9590-4B36EDFF9081}
		{C1F7E63F-93DB-405A-8144-DC5C10034266} = {6F0C3294-B695-42B7-AF02-5CECD3B0ED0F}
		{29161C1E-67DB-4BA6-9C37-0D79E67B5705} = {B28F3DDF-3F9F-473E-BCF9-1D0259083288}
		{9B80E90F-0E57-47CA-8D9D-DC73161AB1C8} = {EC69CB75-89AF-4E0C-B9B5-6732CE2DA8C4}
		{5C838879-B35E-4E33-AA1D-8BF0BA09247A} = {C1BB18A4-2D71-4909-B725-2FB2EC4EAEC9}
		{1548CE8D-DE03-4DEF-98C0-4AEB3F8FAC21} = {3CE2B886-300C-49B3-ADBA-6F34B629A9D3}
		{C1DB20F3-B032-4796-B7F0-C2D030C1A4DE} = {1AB2B28D-5CF2-44F5-A676-E701F013D978}
		{E770328F-E997-403E-9854-A03B151B2E16} = {02FA4B42-17A6-4CC9-87F8-E039594D42DE}
		{8356E12E-37B3-4D9F-88FD-18D42743C140} = {5BFEA0A2-1869-4B11-9CB1-6A463C4DF90C}
	EndGlobalSection
EndGlobal
