
Microsoft Visual Studio Solution File, Format Version 12.00
# Visual Studio 15
VisualStudioVersion = 15.0.26430.4
MinimumVisualStudioVersion = 10.0.40219.1
Project("{2150E333-8FDC-42A3-9474-1A3956D46DE8}") = "Aula01", "Aula01", "{3CE2B886-300C-49B3-ADBA-6F34B629A9D3}"
EndProject
Project("{2150E333-8FDC-42A3-9474-1A3956D46DE8}") = "Aula02", "Aula02", "{AB014ADA-68B2-4141-BE26-949456570032}"
EndProject
Project("{2150E333-8FDC-42A3-9474-1A3956D46DE8}") = "Aula03", "Aula03", "{B49F3755-5634-4302-83E5-8C993869E265}"
EndProject
Project("{2150E333-8FDC-42A3-9474-1A3956D46DE8}") = "Aula04", "Aula04", "{B6835859-4E30-4C2B-9590-4B36EDFF9081}"
EndProject
Project("{2150E333-8FDC-42A3-9474-1A3956D46DE8}") = "Aula05", "Aula05", "{6F0C3294-B695-42B7-AF02-5CECD3B0ED0F}"
EndProject
Project("{2150E333-8FDC-42A3-9474-1A3956D46DE8}") = "Aula06", "Aula06", "{B28F3DDF-3F9F-473E-BCF9-1D0259083288}"
EndProject
Project("{2150E333-8FDC-42A3-9474-1A3956D46DE8}") = "Aula07", "Aula07", "{EC69CB75-89AF-4E0C-B9B5-6732CE2DA8C4}"
EndProject
Project("{2150E333-8FDC-42A3-9474-1A3956D46DE8}") = "Aula08", "Aula08", "{C1BB18A4-2D71-4909-B725-2FB2EC4EAEC9}"
EndProject
Project("{2150E333-8FDC-42A3-9474-1A3956D46DE8}") = "Aula11", "Aula11", "{5BFEA0A2-1869-4B11-9CB1-6A463C4DF90C}"
EndProject
Project("{2150E333-8FDC-42A3-9474-1A3956D46DE8}") = "Aula09", "Aula09", "{1AB2B28D-5CF2-44F5-A676-E701F013D978}"
EndProject
Project("{FAE04EC0-301F-11D3-BF4B-00C04F79EFBC}") = "A11Array", "A11Arrays\A11Array.csproj", "{1548CE8D-DE03-4DEF-98C0-4AEB3F8FAC21}"
EndProject
Project("{2150E333-8FDC-42A3-9474-1A3956D46DE8}") = "Aula10", "Aula10", "{02FA4B42-17A6-4CC9-87F8-E039594D42DE}"
EndProject
Project("{FAE04EC0-301F-11D3-BF4B-00C04F79EFBC}") = "A21List", "A21Listas\A21List.csproj", "{FA64B8E7-5A68-4743-93C3-D53D9EC0EAE3}"
EndProject
Project("{FAE04EC0-301F-11D3-BF4B-00C04F79EFBC}") = "A31Dicionario", "A31Dicionario\A31Dicionario.csproj", "{C1DB20F3-B032-4796-B7F0-C2D030C1A4DE}"
EndProject
Project("{FAE04EC0-301F-11D3-BF4B-00C04F79EFBC}") = "A41Sets", "A41Sets\A41Sets.csproj", "{C1F7E63F-93DB-405A-8144-DC5C10034266}"
EndProject
Project("{FAE04EC0-301F-11D3-BF4B-00C04F79EFBC}") = "A42SetNoModelo", "A42SetNoModelo\A42SetNoModelo.csproj", "{29161C1E-67DB-4BA6-9C37-0D79E67B5705}"
EndProject
Project("{FAE04EC0-301F-11D3-BF4B-00C04F79EFBC}") = "A43EqualsEHashCode", "A43EqualsEHashCode\A43EqualsEHashCode.csproj", "{9B80E90F-0E57-47CA-8D9D-DC73161AB1C8}"
EndProject
Project("{FAE04EC0-301F-11D3-BF4B-00C04F79EFBC}") = "A51LinkedList", "A51LinkedList\A51LinkedList.csproj", "{E770328F-E997-403E-9854-A03B151B2E16}"
EndProject
Project("{FAE04EC0-301F-11D3-BF4B-00C04F79EFBC}") = "A52Stack", "A52Stack\A52Stack.csproj", "{BA55B7D5-10E1-43CD-8E4A-374CD4780B34}"
EndProject
Project("{FAE04EC0-301F-11D3-BF4B-00C04F79EFBC}") = "A53Queue", "A53Queue\A53Queue.csproj", "{148BD1F7-5842-4B6D-8A7E-BEDC06B5AE97}"
EndProject
Project("{FAE04EC0-301F-11D3-BF4B-00C04F79EFBC}") = "A61QualCollectionUsar", "A61QualCollectionUsar\A61QualCollectionUsar.csproj", "{8356E12E-37B3-4D9F-88FD-18D42743C140}"
EndProject
Project("{FAE04EC0-301F-11D3-BF4B-00C04F79EFBC}") = "A71SortedDictionary", "A71SortedDictionary\A71SortedDictionary.csproj", "{2FE3E53E-F6F0-4033-A849-B140A0DFEF54}"
EndProject
Project("{FAE04EC0-301F-11D3-BF4B-00C04F79EFBC}") = "A72SortedList", "A72SortedList\A72SortedList.csproj", "{3A26EF09-6D23-4D4D-AF26-9A72EB55C8F6}"
EndProject
Project("{FAE04EC0-301F-11D3-BF4B-00C04F79EFBC}") = "A73SortedSet", "A73SortedSet\A73SortedSet.csproj", "{A58CB4BF-7111-4171-A447-93F861630539}"
EndProject
Project("{FAE04EC0-301F-11D3-BF4B-00C04F79EFBC}") = "A81ArraysMultidimensionais", "A81ArraysMultidimensionais\A81ArraysMultidimensionais.csproj", "{5E8F14B4-C4B7-4D3A-9430-E51578C98051}"
EndProject
Project("{FAE04EC0-301F-11D3-BF4B-00C04F79EFBC}") = "A91NocoesLINQ", "A91NocoesLINQ\A91NocoesLINQ.csproj", "{8B3385F2-0A24-4514-97F6-595C33915799}"
EndProject
Project("{FAE04EC0-301F-11D3-BF4B-00C04F79EFBC}") = "A101CustomCollections", "A101CustomCollections\A101CustomCollections.csproj", "{7E65E8FC-FABA-40E4-B704-99B14B9728D1}"
EndProject
Project("{FAE04EC0-301F-11D3-BF4B-00C04F79EFBC}") = "A11MultiThreaded", "A11MultiThreaded\A11MultiThreaded.csproj", "{82169690-3996-49DE-B483-AD6090411F71}"
EndProject
Global
	GlobalSection(SolutionConfigurationPlatforms) = preSolution
		Debug|Any CPU = Debug|Any CPU
		Release|Any CPU = Release|Any CPU
	EndGlobalSection
	GlobalSection(ProjectConfigurationPlatforms) = postSolution
		{1548CE8D-DE03-4DEF-98C0-4AEB3F8FAC21}.Debug|Any CPU.ActiveCfg = Debug|Any CPU
		{1548CE8D-DE03-4DEF-98C0-4AEB3F8FAC21}.Debug|Any CPU.Build.0 = Debug|Any CPU
		{1548CE8D-DE03-4DEF-98C0-4AEB3F8FAC21}.Release|Any CPU.ActiveCfg = Release|Any CPU
		{1548CE8D-DE03-4DEF-98C0-4AEB3F8FAC21}.Release|Any CPU.Build.0 = Release|Any CPU
		{FA64B8E7-5A68-4743-93C3-D53D9EC0EAE3}.Debug|Any CPU.ActiveCfg = Debug|Any CPU
		{FA64B8E7-5A68-4743-93C3-D53D9EC0EAE3}.Debug|Any CPU.Build.0 = Debug|Any CPU
		{FA64B8E7-5A68-4743-93C3-D53D9EC0EAE3}.Release|Any CPU.ActiveCfg = Release|Any CPU
		{FA64B8E7-5A68-4743-93C3-D53D9EC0EAE3}.Release|Any CPU.Build.0 = Release|Any CPU
		{C1DB20F3-B032-4796-B7F0-C2D030C1A4DE}.Debug|Any CPU.ActiveCfg = Debug|Any CPU
		{C1DB20F3-B032-4796-B7F0-C2D030C1A4DE}.Debug|Any CPU.Build.0 = Debug|Any CPU
		{C1DB20F3-B032-4796-B7F0-C2D030C1A4DE}.Release|Any CPU.ActiveCfg = Release|Any CPU
		{C1DB20F3-B032-4796-B7F0-C2D030C1A4DE}.Release|Any CPU.Build.0 = Release|Any CPU
		{C1F7E63F-93DB-405A-8144-DC5C10034266}.Debug|Any CPU.ActiveCfg = Debug|Any CPU
		{C1F7E63F-93DB-405A-8144-DC5C10034266}.Debug|Any CPU.Build.0 = Debug|Any CPU
		{C1F7E63F-93DB-405A-8144-DC5C10034266}.Release|Any CPU.ActiveCfg = Release|Any CPU
		{C1F7E63F-93DB-405A-8144-DC5C10034266}.Release|Any CPU.Build.0 = Release|Any CPU
		{29161C1E-67DB-4BA6-9C37-0D79E67B5705}.Debug|Any CPU.ActiveCfg = Debug|Any CPU
		{29161C1E-67DB-4BA6-9C37-0D79E67B5705}.Debug|Any CPU.Build.0 = Debug|Any CPU
		{29161C1E-67DB-4BA6-9C37-0D79E67B5705}.Release|Any CPU.ActiveCfg = Release|Any CPU
		{29161C1E-67DB-4BA6-9C37-0D79E67B5705}.Release|Any CPU.Build.0 = Release|Any CPU
		{9B80E90F-0E57-47CA-8D9D-DC73161AB1C8}.Debug|Any CPU.ActiveCfg = Debug|Any CPU
		{9B80E90F-0E57-47CA-8D9D-DC73161AB1C8}.Debug|Any CPU.Build.0 = Debug|Any CPU
		{9B80E90F-0E57-47CA-8D9D-DC73161AB1C8}.Release|Any CPU.ActiveCfg = Release|Any CPU
		{9B80E90F-0E57-47CA-8D9D-DC73161AB1C8}.Release|Any CPU.Build.0 = Release|Any CPU
		{E770328F-E997-403E-9854-A03B151B2E16}.Debug|Any CPU.ActiveCfg = Debug|Any CPU
		{E770328F-E997-403E-9854-A03B151B2E16}.Debug|Any CPU.Build.0 = Debug|Any CPU
		{E770328F-E997-403E-9854-A03B151B2E16}.Release|Any CPU.ActiveCfg = Release|Any CPU
		{E770328F-E997-403E-9854-A03B151B2E16}.Release|Any CPU.Build.0 = Release|Any CPU
		{BA55B7D5-10E1-43CD-8E4A-374CD4780B34}.Debug|Any CPU.ActiveCfg = Debug|Any CPU
		{BA55B7D5-10E1-43CD-8E4A-374CD4780B34}.Debug|Any CPU.Build.0 = Debug|Any CPU
		{BA55B7D5-10E1-43CD-8E4A-374CD4780B34}.Release|Any CPU.ActiveCfg = Release|Any CPU
		{BA55B7D5-10E1-43CD-8E4A-374CD4780B34}.Release|Any CPU.Build.0 = Release|Any CPU
		{148BD1F7-5842-4B6D-8A7E-BEDC06B5AE97}.Debug|Any CPU.ActiveCfg = Debug|Any CPU
		{148BD1F7-5842-4B6D-8A7E-BEDC06B5AE97}.Debug|Any CPU.Build.0 = Debug|Any CPU
		{148BD1F7-5842-4B6D-8A7E-BEDC06B5AE97}.Release|Any CPU.ActiveCfg = Release|Any CPU
		{148BD1F7-5842-4B6D-8A7E-BEDC06B5AE97}.Release|Any CPU.Build.0 = Release|Any CPU
		{8356E12E-37B3-4D9F-88FD-18D42743C140}.Debug|Any CPU.ActiveCfg = Debug|Any CPU
		{8356E12E-37B3-4D9F-88FD-18D42743C140}.Debug|Any CPU.Build.0 = Debug|Any CPU
		{8356E12E-37B3-4D9F-88FD-18D42743C140}.Release|Any CPU.ActiveCfg = Release|Any CPU
		{8356E12E-37B3-4D9F-88FD-18D42743C140}.Release|Any CPU.Build.0 = Release|Any CPU
		{2FE3E53E-F6F0-4033-A849-B140A0DFEF54}.Debug|Any CPU.ActiveCfg = Debug|Any CPU
		{2FE3E53E-F6F0-4033-A849-B140A0DFEF54}.Debug|Any CPU.Build.0 = Debug|Any CPU
		{2FE3E53E-F6F0-4033-A849-B140A0DFEF54}.Release|Any CPU.ActiveCfg = Release|Any CPU
		{2FE3E53E-F6F0-4033-A849-B140A0DFEF54}.Release|Any CPU.Build.0 = Release|Any CPU
		{3A26EF09-6D23-4D4D-AF26-9A72EB55C8F6}.Debug|Any CPU.ActiveCfg = Debug|Any CPU
		{3A26EF09-6D23-4D4D-AF26-9A72EB55C8F6}.Debug|Any CPU.Build.0 = Debug|Any CPU
		{3A26EF09-6D23-4D4D-AF26-9A72EB55C8F6}.Release|Any CPU.ActiveCfg = Release|Any CPU
		{3A26EF09-6D23-4D4D-AF26-9A72EB55C8F6}.Release|Any CPU.Build.0 = Release|Any CPU
		{A58CB4BF-7111-4171-A447-93F861630539}.Debug|Any CPU.ActiveCfg = Debug|Any CPU
		{A58CB4BF-7111-4171-A447-93F861630539}.Debug|Any CPU.Build.0 = Debug|Any CPU
		{A58CB4BF-7111-4171-A447-93F861630539}.Release|Any CPU.ActiveCfg = Release|Any CPU
		{A58CB4BF-7111-4171-A447-93F861630539}.Release|Any CPU.Build.0 = Release|Any CPU
		{5E8F14B4-C4B7-4D3A-9430-E51578C98051}.Debug|Any CPU.ActiveCfg = Debug|Any CPU
		{5E8F14B4-C4B7-4D3A-9430-E51578C98051}.Debug|Any CPU.Build.0 = Debug|Any CPU
		{5E8F14B4-C4B7-4D3A-9430-E51578C98051}.Release|Any CPU.ActiveCfg = Release|Any CPU
		{5E8F14B4-C4B7-4D3A-9430-E51578C98051}.Release|Any CPU.Build.0 = Release|Any CPU
		{8B3385F2-0A24-4514-97F6-595C33915799}.Debug|Any CPU.ActiveCfg = Debug|Any CPU
		{8B3385F2-0A24-4514-97F6-595C33915799}.Debug|Any CPU.Build.0 = Debug|Any CPU
		{8B3385F2-0A24-4514-97F6-595C33915799}.Release|Any CPU.ActiveCfg = Release|Any CPU
		{8B3385F2-0A24-4514-97F6-595C33915799}.Release|Any CPU.Build.0 = Release|Any CPU
		{7E65E8FC-FABA-40E4-B704-99B14B9728D1}.Debug|Any CPU.ActiveCfg = Debug|Any CPU
		{7E65E8FC-FABA-40E4-B704-99B14B9728D1}.Debug|Any CPU.Build.0 = Debug|Any CPU
		{7E65E8FC-FABA-40E4-B704-99B14B9728D1}.Release|Any CPU.ActiveCfg = Release|Any CPU
		{7E65E8FC-FABA-40E4-B704-99B14B9728D1}.Release|Any CPU.Build.0 = Release|Any CPU
		{82169690-3996-49DE-B483-AD6090411F71}.Debug|Any CPU.ActiveCfg = Debug|Any CPU
		{82169690-3996-49DE-B483-AD6090411F71}.Debug|Any CPU.Build.0 = Debug|Any CPU
		{82169690-3996-49DE-B483-AD6090411F71}.Release|Any CPU.ActiveCfg = Release|Any CPU
		{82169690-3996-49DE-B483-AD6090411F71}.Release|Any CPU.Build.0 = Release|Any CPU
	EndGlobalSection
	GlobalSection(SolutionProperties) = preSolution
		HideSolutionNode = FALSE
	EndGlobalSection
	GlobalSection(NestedProjects) = preSolution
		{1548CE8D-DE03-4DEF-98C0-4AEB3F8FAC21} = {3CE2B886-300C-49B3-ADBA-6F34B629A9D3}
		{FA64B8E7-5A68-4743-93C3-D53D9EC0EAE3} = {AB014ADA-68B2-4141-BE26-949456570032}
		{C1DB20F3-B032-4796-B7F0-C2D030C1A4DE} = {B49F3755-5634-4302-83E5-8C993869E265}
		{C1F7E63F-93DB-405A-8144-DC5C10034266} = {B6835859-4E30-4C2B-9590-4B36EDFF9081}
		{29161C1E-67DB-4BA6-9C37-0D79E67B5705} = {B6835859-4E30-4C2B-9590-4B36EDFF9081}
		{9B80E90F-0E57-47CA-8D9D-DC73161AB1C8} = {B6835859-4E30-4C2B-9590-4B36EDFF9081}
		{E770328F-E997-403E-9854-A03B151B2E16} = {6F0C3294-B695-42B7-AF02-5CECD3B0ED0F}
		{BA55B7D5-10E1-43CD-8E4A-374CD4780B34} = {6F0C3294-B695-42B7-AF02-5CECD3B0ED0F}
		{148BD1F7-5842-4B6D-8A7E-BEDC06B5AE97} = {6F0C3294-B695-42B7-AF02-5CECD3B0ED0F}
		{8356E12E-37B3-4D9F-88FD-18D42743C140} = {B28F3DDF-3F9F-473E-BCF9-1D0259083288}
		{2FE3E53E-F6F0-4033-A849-B140A0DFEF54} = {EC69CB75-89AF-4E0C-B9B5-6732CE2DA8C4}
		{3A26EF09-6D23-4D4D-AF26-9A72EB55C8F6} = {EC69CB75-89AF-4E0C-B9B5-6732CE2DA8C4}
		{A58CB4BF-7111-4171-A447-93F861630539} = {EC69CB75-89AF-4E0C-B9B5-6732CE2DA8C4}
		{5E8F14B4-C4B7-4D3A-9430-E51578C98051} = {C1BB18A4-2D71-4909-B725-2FB2EC4EAEC9}
		{8B3385F2-0A24-4514-97F6-595C33915799} = {1AB2B28D-5CF2-44F5-A676-E701F013D978}
		{7E65E8FC-FABA-40E4-B704-99B14B9728D1} = {02FA4B42-17A6-4CC9-87F8-E039594D42DE}
		{82169690-3996-49DE-B483-AD6090411F71} = {5BFEA0A2-1869-4B11-9CB1-6A463C4DF90C}
	EndGlobalSection
EndGlobal
